{
  "name": "diagramatics-site",
  "lockfileVersion": 3,
  "requires": true,
  "packages": {
    "": {
      "dependencies": {
        "@codemirror/lang-javascript": "^6.2.1",
        "@codemirror/view": "^6.18.1",
        "codemirror": "^6.0.1",
        "diagramatics": "^0.0.1"
      }
    },
    "node_modules/@codemirror/autocomplete": {
      "version": "6.9.0",
      "resolved": "https://registry.npmjs.org/@codemirror/autocomplete/-/autocomplete-6.9.0.tgz",
      "integrity": "sha512-Fbwm0V/Wn3BkEJZRhr0hi5BhCo5a7eBL6LYaliPjOSwCyfOpnjXY59HruSxOUNV+1OYer0Tgx1zRNQttjXyDog==",
      "dependencies": {
        "@codemirror/language": "^6.0.0",
        "@codemirror/state": "^6.0.0",
        "@codemirror/view": "^6.6.0",
        "@lezer/common": "^1.0.0"
      },
      "peerDependencies": {
        "@codemirror/language": "^6.0.0",
        "@codemirror/state": "^6.0.0",
        "@codemirror/view": "^6.0.0",
        "@lezer/common": "^1.0.0"
      }
    },
    "node_modules/@codemirror/commands": {
      "version": "6.2.5",
      "resolved": "https://registry.npmjs.org/@codemirror/commands/-/commands-6.2.5.tgz",
      "integrity": "sha512-dSi7ow2P2YgPBZflR9AJoaTHvqmeGIgkhignYMd5zK5y6DANTvxKxp6eMEpIDUJkRAaOY/TFZ4jP1ADIO/GLVA==",
      "dependencies": {
        "@codemirror/language": "^6.0.0",
        "@codemirror/state": "^6.2.0",
        "@codemirror/view": "^6.0.0",
        "@lezer/common": "^1.0.0"
      }
    },
    "node_modules/@codemirror/lang-javascript": {
      "version": "6.2.1",
      "resolved": "https://registry.npmjs.org/@codemirror/lang-javascript/-/lang-javascript-6.2.1.tgz",
      "integrity": "sha512-jlFOXTejVyiQCW3EQwvKH0m99bUYIw40oPmFjSX2VS78yzfe0HELZ+NEo9Yfo1MkGRpGlj3Gnu4rdxV1EnAs5A==",
      "dependencies": {
        "@codemirror/autocomplete": "^6.0.0",
        "@codemirror/language": "^6.6.0",
        "@codemirror/lint": "^6.0.0",
        "@codemirror/state": "^6.0.0",
        "@codemirror/view": "^6.17.0",
        "@lezer/common": "^1.0.0",
        "@lezer/javascript": "^1.0.0"
      }
    },
    "node_modules/@codemirror/language": {
      "version": "6.9.0",
      "resolved": "https://registry.npmjs.org/@codemirror/language/-/language-6.9.0.tgz",
      "integrity": "sha512-nFu311/0ne/qGuGCL3oKuktBgzVOaxCHZPZv1tLSZkNjPYxxvkjSbzno3MlErG2tgw1Yw1yF8BxMCegeMXqpiw==",
      "dependencies": {
        "@codemirror/state": "^6.0.0",
        "@codemirror/view": "^6.0.0",
        "@lezer/common": "^1.0.0",
        "@lezer/highlight": "^1.0.0",
        "@lezer/lr": "^1.0.0",
        "style-mod": "^4.0.0"
      }
    },
    "node_modules/@codemirror/lint": {
      "version": "6.4.1",
      "resolved": "https://registry.npmjs.org/@codemirror/lint/-/lint-6.4.1.tgz",
      "integrity": "sha512-2Hx945qKX7FBan5/gUdTM8fsMYrNG9clIgEcPXestbLVFAUyQYFAuju/5BMNf/PwgpVaX5pvRm4+ovjbp9D9gQ==",
      "dependencies": {
        "@codemirror/state": "^6.0.0",
        "@codemirror/view": "^6.0.0",
        "crelt": "^1.0.5"
      }
    },
    "node_modules/@codemirror/search": {
      "version": "6.5.2",
      "resolved": "https://registry.npmjs.org/@codemirror/search/-/search-6.5.2.tgz",
      "integrity": "sha512-WRihpqd0l9cEh9J3IZe45Yi+Z5MfTsEXnyc3V7qXHP4ZYtIYpGOn+EJ7fyLIkyAm/8S6QIr7/mMISfAadf8zCg==",
      "dependencies": {
        "@codemirror/state": "^6.0.0",
        "@codemirror/view": "^6.0.0",
        "crelt": "^1.0.5"
      }
    },
    "node_modules/@codemirror/state": {
      "version": "6.2.1",
      "resolved": "https://registry.npmjs.org/@codemirror/state/-/state-6.2.1.tgz",
      "integrity": "sha512-RupHSZ8+OjNT38zU9fKH2sv+Dnlr8Eb8sl4NOnnqz95mCFTZUaiRP8Xv5MeeaG0px2b8Bnfe7YGwCV3nsBhbuw=="
    },
    "node_modules/@codemirror/view": {
      "version": "6.18.1",
      "resolved": "https://registry.npmjs.org/@codemirror/view/-/view-6.18.1.tgz",
      "integrity": "sha512-xcsXcMkIMd7l3WZEWoc4ljteAiqzxb5gVerRxk5132p5cLix6rTydWTQjsj2oxORepfsrwy1fC4r20iMa9plrg==",
      "dependencies": {
        "@codemirror/state": "^6.1.4",
        "style-mod": "^4.1.0",
        "w3c-keyname": "^2.2.4"
      }
    },
    "node_modules/@lezer/common": {
      "version": "1.0.4",
      "resolved": "https://registry.npmjs.org/@lezer/common/-/common-1.0.4.tgz",
      "integrity": "sha512-lZHlk8p67x4aIDtJl6UQrXSOP6oi7dQR3W/geFVrENdA1JDaAJWldnVqVjPMJupbTKbzDfFcePfKttqVidS/dg=="
    },
    "node_modules/@lezer/highlight": {
      "version": "1.1.6",
      "resolved": "https://registry.npmjs.org/@lezer/highlight/-/highlight-1.1.6.tgz",
      "integrity": "sha512-cmSJYa2us+r3SePpRCjN5ymCqCPv+zyXmDl0ciWtVaNiORT/MxM7ZgOMQZADD0o51qOaOg24qc/zBViOIwAjJg==",
      "dependencies": {
        "@lezer/common": "^1.0.0"
      }
    },
    "node_modules/@lezer/javascript": {
      "version": "1.4.7",
      "resolved": "https://registry.npmjs.org/@lezer/javascript/-/javascript-1.4.7.tgz",
      "integrity": "sha512-OVWlK0YEi7HM+9JRWtRkir8qvcg0/kVYg2TAMHlVtl6DU1C9yK1waEOLBMztZsV/axRJxsqfJKhzYz+bxZme5g==",
      "dependencies": {
        "@lezer/highlight": "^1.1.3",
        "@lezer/lr": "^1.3.0"
      }
    },
    "node_modules/@lezer/lr": {
      "version": "1.3.10",
      "resolved": "https://registry.npmjs.org/@lezer/lr/-/lr-1.3.10.tgz",
      "integrity": "sha512-BZfVvf7Re5BIwJHlZXbJn9L8lus5EonxQghyn+ih8Wl36XMFBPTXC0KM0IdUtj9w/diPHsKlXVgL+AlX2jYJ0Q==",
      "dependencies": {
        "@lezer/common": "^1.0.0"
      }
    },
    "node_modules/codemirror": {
      "version": "6.0.1",
      "resolved": "https://registry.npmjs.org/codemirror/-/codemirror-6.0.1.tgz",
      "integrity": "sha512-J8j+nZ+CdWmIeFIGXEFbFPtpiYacFMDR8GlHK3IyHQJMCaVRfGx9NT+Hxivv1ckLWPvNdZqndbr/7lVhrf/Svg==",
      "dependencies": {
        "@codemirror/autocomplete": "^6.0.0",
        "@codemirror/commands": "^6.0.0",
        "@codemirror/language": "^6.0.0",
        "@codemirror/lint": "^6.0.0",
        "@codemirror/search": "^6.0.0",
        "@codemirror/state": "^6.0.0",
        "@codemirror/view": "^6.0.0"
      }
    },
    "node_modules/crelt": {
      "version": "1.0.6",
      "resolved": "https://registry.npmjs.org/crelt/-/crelt-1.0.6.tgz",
      "integrity": "sha512-VQ2MBenTq1fWZUH9DJNGti7kKv6EeAuYr3cLwxUWhIu1baTaXh4Ib5W2CqHVqib4/MqbYGJqiL3Zb8GJZr3l4g=="
    },
    "node_modules/diagramatics": {
      "version": "0.0.1",
      "resolved": "https://registry.npmjs.org/diagramatics/-/diagramatics-0.0.1.tgz",
      "integrity": "sha512-knV4P4WeZMuD6jaBJYjZSwo2yHvVsFzuW17k4ekE71PlXk8v3EG6vKnyRpprcsrrYB3XdttfS7WIrzJjQIqIyw=="
    },
    "node_modules/style-mod": {
      "version": "4.1.0",
      "resolved": "https://registry.npmjs.org/style-mod/-/style-mod-4.1.0.tgz",
      "integrity": "sha512-Ca5ib8HrFn+f+0n4N4ScTIA9iTOQ7MaGS1ylHcoVqW9J7w2w8PzN6g9gKmTYgGEBH8e120+RCmhpje6jC5uGWA=="
    },
    "node_modules/w3c-keyname": {
      "version": "2.2.8",
      "resolved": "https://registry.npmjs.org/w3c-keyname/-/w3c-keyname-2.2.8.tgz",
      "integrity": "sha512-dpojBhNsCNN7T82Tm7k26A6G9ML3NkhDsnw9n/eoxSRlVBB4CEtIQ/KTCLI2Fwf3ataSXRhYFkQi3SlnFwPvPQ=="
    }
  }
}
